
Microsoft Visual Studio Solution File, Format Version 12.00
# Visual Studio Version 16
VisualStudioVersion = 16.0.33130.400
MinimumVisualStudioVersion = 10.0.40219.1
Project("{9A19103F-16F7-4668-BE54-9A1E7A4F7556}") = "API", "API\API.csproj", "{1545896A-0356-4E2E-ACDB-4E80D3914667}"
EndProject
Project("{9A19103F-16F7-4668-BE54-9A1E7A4F7556}") = "Attendance", "..\..\..\source\repos\Attendance\Attendance\Attendance.csproj", "{7B238459-3CFB-4A0E-BB19-2A10F51278FA}"
EndProject
Global
	GlobalSection(SolutionConfigurationPlatforms) = preSolution
		Debug|Any CPU = Debug|Any CPU
		Release|Any CPU = Release|Any CPU
	EndGlobalSection
	GlobalSection(ProjectConfigurationPlatforms) = postSolution
		{1545896A-0356-4E2E-ACDB-4E80D3914667}.Debug|Any CPU.ActiveCfg = Debug|Any CPU
		{1545896A-0356-4E2E-ACDB-4E80D3914667}.Debug|Any CPU.Build.0 = Debug|Any CPU
		{1545896A-0356-4E2E-ACDB-4E80D3914667}.Release|Any CPU.ActiveCfg = Release|Any CPU
		{1545896A-0356-4E2E-ACDB-4E80D3914667}.Release|Any CPU.Build.0 = Release|Any CPU
		{7B238459-3CFB-4A0E-BB19-2A10F51278FA}.Debug|Any CPU.ActiveCfg = Debug|Any CPU
		{7B238459-3CFB-4A0E-BB19-2A10F51278FA}.Debug|Any CPU.Build.0 = Debug|Any CPU
		{7B238459-3CFB-4A0E-BB19-2A10F51278FA}.Release|Any CPU.ActiveCfg = Release|Any CPU
		{7B238459-3CFB-4A0E-BB19-2A10F51278FA}.Release|Any CPU.Build.0 = Release|Any CPU
	EndGlobalSection
	GlobalSection(SolutionProperties) = preSolution
		HideSolutionNode = FALSE
	EndGlobalSection
	GlobalSection(ExtensibilityGlobals) = postSolution
		SolutionGuid = {4D1AB159-F1A7-45B1-9AB4-D303A1B0BFA9}
	EndGlobalSection
EndGlobal
